Microsoft Visual Studio Solution File, Format Version 12.00
# Visual Studio Version 17
VisualStudioVersion = 17.5.2.0
MinimumVisualStudioVersion = 10.0.40219.1
Project("{FAE04EC0-301F-11D3-BF4B-00C04F79EFBC}") = "enkelagent", "enkelagent.csproj", "{1C874307-89D9-9BD9-D21E-FFADA91DB385}"
EndProject
Global
	GlobalSection(SolutionConfigurationPlatforms) = preSolution
		Debug|Any CPU = Debug|Any CPU
		Release|Any CPU = Release|Any CPU
	EndGlobalSection
	GlobalSection(ProjectConfigurationPlatforms) = postSolution
		{1C874307-89D9-9BD9-D21E-FFADA91DB385}.Debug|Any CPU.ActiveCfg = Debug|Any CPU
		{1C874307-89D9-9BD9-D21E-FFADA91DB385}.Debug|Any CPU.Build.0 = Debug|Any CPU
		{1C874307-89D9-9BD9-D21E-FFADA91DB385}.Release|Any CPU.ActiveCfg = Release|Any CPU
		{1C874307-89D9-9BD9-D21E-FFADA91DB385}.Release|Any CPU.Build.0 = Release|Any CPU
	EndGlobalSection
	GlobalSection(SolutionProperties) = preSolution
		HideSolutionNode = FALSE
	EndGlobalSection
	GlobalSection(ExtensibilityGlobals) = postSolution
		SolutionGuid = {3C335F3D-05FE-45AF-9A0E-50510917CF73}
	EndGlobalSection
EndGlobal
